// !$*UTF8*$!
{
	archiveVersion = 1;
	classes = {
	};
	objectVersion = 55;
	objects = {

/* Begin PBXBuildFile section */
		97FC8E1E280D7D4B00C6D8DA /* AppDelegate.swift in Sources */ = {isa = PBXBuildFile; fileRef = 97FC8E1D280D7D4B00C6D8DA /* AppDelegate.swift */; };
		97FC8E20280D7D4B00C6D8DA /* SceneDelegate.swift in Sources */ = {isa = PBXBuildFile; fileRef = 97FC8E1F280D7D4B00C6D8DA /* SceneDelegate.swift */; };
		97FC8E22280D7D4B00C6D8DA /* ViewController.swift in Sources */ = {isa = PBXBuildFile; fileRef = 97FC8E21280D7D4B00C6D8DA /* ViewController.swift */; };
		97FC8E25280D7D4B00C6D8DA /* Main.storyboard in Resources */ = {isa = PBXBuildFile; fileRef = 97FC8E23280D7D4B00C6D8DA /* Main.storyboard */; };
		97FC8E27280D7D4D00C6D8DA /* Assets.xcassets in Resources */ = {isa = PBXBuildFile; fileRef = 97FC8E26280D7D4D00C6D8DA /* Assets.xcassets */; };
		97FC8E2A280D7D4D00C6D8DA /* LaunchScreen.storyboard in Resources */ = {isa = PBXBuildFile; fileRef = 97FC8E28280D7D4D00C6D8DA /* LaunchScreen.storyboard */; };
		97FC8E33280D9E0200C6D8DA /* Extension.swift in Sources */ = {isa = PBXBuildFile; fileRef = 97FC8E32280D9E0200C6D8DA /* Extension.swift */; };
/* End PBXBuildFile section */

/* Begin PBXFileReference section */
		97FC8E1A280D7D4B00C6D8DA /* VideoPIPDemo.app */ = {isa = PBXFileReference; explicitFileType = wrapper.application; includeInIndex = 0; path = VideoPIPDemo.app; sourceTree = BUILT_PRODUCTS_DIR; };
		97FC8E1D280D7D4B00C6D8DA /* AppDelegate.swift */ = {isa = PBXFileReference; lastKnownFileType = sourcecode.swift; path = AppDelegate.swift; sourceTree = "<group>"; };
		97FC8E1F280D7D4B00C6D8DA /* SceneDelegate.swift */ = {isa = PBXFileReference; lastKnownFileType = sourcecode.swift; path = SceneDelegate.swift; sourceTree = "<group>"; };
		97FC8E21280D7D4B00C6D8DA /* ViewController.swift */ = {isa = PBXFileReference; lastKnownFileType = sourcecode.swift; path = ViewController.swift; sourceTree = "<group>"; };
		97FC8E24280D7D4B00C6D8DA /* Base */ = {isa = PBXFileReference; lastKnownFileType = file.storyboard; name = Base; path = Base.lproj/Main.storyboard; sourceTree = "<group>"; };
		97FC8E26280D7D4D00C6D8DA /* Assets.xcassets */ = {isa = PBXFileReference; lastKnownFileType = folder.assetcatalog; path = Assets.xcassets; sourceTree = "<group>"; };
		97FC8E29280D7D4D00C6D8DA /* Base */ = {isa = PBXFileReference; lastKnownFileType = file.storyboard; name = Base; path = Base.lproj/LaunchScreen.storyboard; sourceTree = "<group>"; };
		97FC8E2B280D7D4D00C6D8DA /* Info.plist */ = {isa = PBXFileReference; lastKnownFileType = text.plist.xml; path = Info.plist; sourceTree = "<group>"; };
		97FC8E32280D9E0200C6D8DA /* Extension.swift */ = {isa = PBXFileReference; lastKnownFileType = sourcecode.swift; path = Extension.swift; sourceTree = "<group>"; };
/* End PBXFileReference section */

/* Begin PBXFrameworksBuildPhase section */
		97FC8E17280D7D4B00C6D8DA /* Frameworks */ = {
			isa = PBXFrameworksBuildPhase;
			buildActionMask = 2147483647;
			files = (
			);
			runOnlyForDeploymentPostprocessing = 0;
		};
/* End PBXFrameworksBuildPhase section */

/* Begin PBXGroup section */
		97FC8E11280D7D4B00C6D8DA = {
			isa = PBXGroup;
			children = (
				97FC8E1C280D7D4B00C6D8DA /* VideoPIPDemo */,
				97FC8E1B280D7D4B00C6D8DA /* Products */,
			);
			sourceTree = "<group>";
		};
		97FC8E1B280D7D4B00C6D8DA /* Products */ = {
			isa = PBXGroup;
			children = (
				97FC8E1A280D7D4B00C6D8DA /* VideoPIPDemo.app */,
			);
			name = Products;
			sourceTree = "<group>";
		};
		97FC8E1C280D7D4B00C6D8DA /* VideoPIPDemo */ = {
			isa = PBXGroup;
			children = (
				97FC8E31280D9DE900C6D8DA /* Extension */,
				97FC8E1D280D7D4B00C6D8DA /* AppDelegate.swift */,
				97FC8E1F280D7D4B00C6D8DA /* SceneDelegate.swift */,
				97FC8E21280D7D4B00C6D8DA /* ViewController.swift */,
				97FC8E23280D7D4B00C6D8DA /* Main.storyboard */,
				97FC8E26280D7D4D00C6D8DA /* Assets.xcassets */,
				97FC8E28280D7D4D00C6D8DA /* LaunchScreen.storyboard */,
				97FC8E2B280D7D4D00C6D8DA /* Info.plist */,
			);
			path = VideoPIPDemo;
			sourceTree = "<group>";
		};
		97FC8E31280D9DE900C6D8DA /* Extension */ = {
			isa = PBXGroup;
			children = (
				97FC8E32280D9E0200C6D8DA /* Extension.swift */,
			);
			path = Extension;
			sourceTree = "<group>";
		};
/* End PBXGroup section */

/* Begin PBXNativeTarget section */
		97FC8E19280D7D4B00C6D8DA /* VideoPIPDemo */ = {
			isa = PBXNativeTarget;
			buildConfigurationList = 97FC8E2E280D7D4D00C6D8DA /* Build configuration list for PBXNativeTarget "VideoPIPDemo" */;
			buildPhases = (
				97FC8E16280D7D4B00C6D8DA /* Sources */,
				97FC8E17280D7D4B00C6D8DA /* Frameworks */,
				97FC8E18280D7D4B00C6D8DA /* Resources */,
			);
			buildRules = (
			);
			dependencies = (
			);
			name = VideoPIPDemo;
			productName = VideoPIPDemo;
			productReference = 97FC8E1A280D7D4B00C6D8DA /* VideoPIPDemo.app */;
			productType = "com.apple.product-type.application";
		};
/* End PBXNativeTarget section */

/* Begin PBXProject section */
		97FC8E12280D7D4B00C6D8DA /* Project object */ = {
			isa = PBXProject;
			attributes = {
				BuildIndependentTargetsInParallel = 1;
				LastSwiftUpdateCheck = 1320;
				LastUpgradeCheck = 1320;
				TargetAttributes = {
					97FC8E19280D7D4B00C6D8DA = {
						CreatedOnToolsVersion = 13.2.1;
					};
				};
			};
			buildConfigurationList = 97FC8E15280D7D4B00C6D8DA /* Build configuration list for PBXProject "VideoPIPDemo" */;
			compatibilityVersion = "Xcode 13.0";
			developmentRegion = en;
			hasScannedForEncodings = 0;
			knownRegions = (
				en,
				Base,
			);
			mainGroup = 97FC8E11280D7D4B00C6D8DA;
			productRefGroup = 97FC8E1B280D7D4B00C6D8DA /* Products */;
			projectDirPath = "";
			projectRoot = "";
			targets = (
				97FC8E19280D7D4B00C6D8DA /* VideoPIPDemo */,
			);
		};
/* End PBXProject section */

/* Begin PBXResourcesBuildPhase section */
		97FC8E18280D7D4B00C6D8DA /* Resources */ = {
			isa = PBXResourcesBuildPhase;
			buildActionMask = 2147483647;
			files = (
				97FC8E2A280D7D4D00C6D8DA /* LaunchScreen.storyboard in Resources */,
				97FC8E27280D7D4D00C6D8DA /* Assets.xcassets in Resources */,
				97FC8E25280D7D4B00C6D8DA /* Main.storyboard in Resources */,
			);
			runOnlyForDeploymentPostprocessing = 0;
		};
/* End PBXResourcesBuildPhase section */

/* Begin PBXSourcesBuildPhase section */
		97FC8E16280D7D4B00C6D8DA /* Sources */ = {
			isa = PBXSourcesBuildPhase;
			buildActionMask = 2147483647;
			files = (
				97FC8E22280D7D4B00C6D8DA /* ViewController.swift in Sources */,
				97FC8E1E280D7D4B00C6D8DA /* AppDelegate.swift in Sources */,
				97FC8E20280D7D4B00C6D8DA /* SceneDelegate.swift in Sources */,
				97FC8E33280D9E0200C6D8DA /* Extension.swift in Sources */,
			);
			runOnlyForDeploymentPostprocessing = 0;
		};
/* End PBXSourcesBuildPhase section */

/* Begin PBXVariantGroup section */
		97FC8E23280D7D4B00C6D8DA /* Main.storyboard */ = {
			isa = PBXVariantGroup;
			children = (
				97FC8E24280D7D4B00C6D8DA /* Base */,
			);
			name = Main.storyboard;
			sourceTree = "<group>";
		};
		97FC8E28280D7D4D00C6D8DA /* LaunchScreen.storyboard */ = {
			isa = PBXVariantGroup;
			children = (
				97FC8E29280D7D4D00C6D8DA /* Base */,
			);
			name = LaunchScreen.storyboard;
			sourceTree = "<group>";
		};
/* End PBXVariantGroup section */

/* Begin XCBuildConfiguration section */
		97FC8E2C280D7D4D00C6D8DA /* Debug */ = {
			isa = XCBuildConfiguration;
			buildSettings = {
				ALWAYS_SEARCH_USER_PATHS = NO;
				CLANG_ANALYZER_NONNULL = YES;
				CLANG_ANALYZER_NUMBER_OBJECT_CONVERSION = YES_AGGRESSIVE;
				CLANG_CXX_LANGUAGE_STANDARD = "gnu++17";
				CLANG_CXX_LIBRARY = "libc++";
				CLANG_ENABLE_MODULES = YES;
				CLANG_ENABLE_OBJC_ARC = YES;
				CLANG_ENABLE_OBJC_WEAK = YES;
				CLANG_WARN_BLOCK_CAPTURE_AUTORELEASING = YES;
				CLANG_WARN_BOOL_CONVERSION = YES;
				CLANG_WARN_COMMA = YES;
				CLANG_WARN_CONSTANT_CONVERSION = YES;
				CLANG_WARN_DEPRECATED_OBJC_IMPLEMENTATIONS = YES;
				CLANG_WARN_DIRECT_OBJC_ISA_USAGE = YES_ERROR;
				CLANG_WARN_DOCUMENTATION_COMMENTS = YES;
				CLANG_WARN_EMPTY_BODY = YES;
				CLANG_WARN_ENUM_CONVERSION = YES;
				CLANG_WARN_INFINITE_RECURSION = YES;
				CLANG_WARN_INT_CONVERSION = YES;
				CLANG_WARN_NON_LITERAL_NULL_CONVERSION = YES;
				CLANG_WARN_OBJC_IMPLICIT_RETAIN_SELF = YES;
				CLANG_WARN_OBJC_LITERAL_CONVERSION = YES;
				CLANG_WARN_OBJC_ROOT_CLASS = YES_ERROR;
				CLANG_WARN_QUOTED_INCLUDE_IN_FRAMEWORK_HEADER = YES;
				CLANG_WARN_RANGE_LOOP_ANALYSIS = YES;
				CLANG_WARN_STRICT_PROTOTYPES = YES;
				CLANG_WARN_SUSPICIOUS_MOVE = YES;
				CLANG_WARN_UNGUARDED_AVAILABILITY = YES_AGGRESSIVE;
				CLANG_WARN_UNREACHABLE_CODE = YES;
				CLANG_WARN__DUPLICATE_METHOD_MATCH = YES;
				COPY_PHASE_STRIP = NO;
				DEBUG_INFORMATION_FORMAT = dwarf;
				ENABLE_STRICT_OBJC_MSGSEND = YES;
				ENABLE_TESTABILITY = YES;
				GCC_C_LANGUAGE_STANDARD = gnu11;
				GCC_DYNAMIC_NO_PIC = NO;
				GCC_NO_COMMON_BLOCKS = YES;
				GCC_OPTIMIZATION_LEVEL = 0;
				GCC_PREPROCESSOR_DEFINITIONS = (
					"DEBUG=1",
					"$(inherited)",
				);
				GCC_WARN_64_TO_32_BIT_CONVERSION = YES;
				GCC_WARN_ABOUT_RETURN_TYPE = YES_ERROR;
				GCC_WARN_UNDECLARED_SELECTOR = YES;
				GCC_WARN_UNINITIALIZED_AUTOS = YES_AGGRESSIVE;
				GCC_WARN_UNUSED_FUNCTION = YES;
				GCC_WARN_UNUSED_VARIABLE = YES;
				IPHONEOS_DEPLOYMENT_TARGET = 15.2;
				MTL_ENABLE_DEBUG_INFO = INCLUDE_SOURCE;
				MTL_FAST_MATH = YES;
				ONLY_ACTIVE_ARCH = YES;
				SDKROOT = iphoneos;
				SWIFT_ACTIVE_COMPILATION_CONDITIONS = DEBUG;
				SWIFT_OPTIMIZATION_LEVEL = "-Onone";
			};
			name = Debug;
		};
		97FC8E2D280D7D4D00C6D8DA /* Release */ = {
			isa = XCBuildConfiguration;
			buildSettings = {
				ALWAYS_SEARCH_USER_PATHS = NO;
				CLANG_ANALYZER_NONNULL = YES;
				CLANG_ANALYZER_NUMBER_OBJECT_CONVERSION = YES_AGGRESSIVE;
				CLANG_CXX_LANGUAGE_STANDARD = "gnu++17";
				CLANG_CXX_LIBRARY = "libc++";
				CLANG_ENABLE_MODULES = YES;
				CLANG_ENABLE_OBJC_ARC = YES;
				CLANG_ENABLE_OBJC_WEAK = YES;
				CLANG_WARN_BLOCK_CAPTURE_AUTORELEASING = YES;
				CLANG_WARN_BOOL_CONVERSION = YES;
				CLANG_WARN_COMMA = YES;
				CLANG_WARN_CONSTANT_CONVERSION = YES;
				CLANG_WARN_DEPRECATED_OBJC_IMPLEMENTATIONS = YES;
				CLANG_WARN_DIRECT_OBJC_ISA_USAGE = YES_ERROR;
				CLANG_WARN_DOCUMENTATION_COMMENTS = YES;
				CLANG_WARN_EMPTY_BODY = YES;
				CLANG_WARN_ENUM_CONVERSION = YES;
				CLANG_WARN_INFINITE_RECURSION = YES;
				CLANG_WARN_INT_CONVERSION = YES;
				CLANG_WARN_NON_LITERAL_NULL_CONVERSION = YES;
				CLANG_WARN_OBJC_IMPLICIT_RETAIN_SELF = YES;
				CLANG_WARN_OBJC_LITERAL_CONVERSION = YES;
				CLANG_WARN_OBJC_ROOT_CLASS = YES_ERROR;
				CLANG_WARN_QUOTED_INCLUDE_IN_FRAMEWORK_HEADER = YES;
				CLANG_WARN_RANGE_LOOP_ANALYSIS = YES;
				CLANG_WARN_STRICT_PROTOTYPES = YES;
				CLANG_WARN_SUSPICIOUS_MOVE = YES;
				CLANG_WARN_UNGUARDED_AVAILABILITY = YES_AGGRESSIVE;
				CLANG_WARN_UNREACHABLE_CODE = YES;
				CLANG_WARN__DUPLICATE_METHOD_MATCH = YES;
				COPY_PHASE_STRIP = NO;
				DEBUG_INFORMATION_FORMAT = "dwarf-with-dsym";
				ENABLE_NS_ASSERTIONS = NO;
				ENABLE_STRICT_OBJC_MSGSEND = YES;
				GCC_C_LANGUAGE_STANDARD = gnu11;
				GCC_NO_COMMON_BLOCKS = YES;
				GCC_WARN_64_TO_32_BIT_CONVERSION = YES;
				GCC_WARN_ABOUT_RETURN_TYPE = YES_ERROR;
				GCC_WARN_UNDECLARED_SELECTOR = YES;
				GCC_WARN_UNINITIALIZED_AUTOS = YES_AGGRESSIVE;
				GCC_WARN_UNUSED_FUNCTION = YES;
				GCC_WARN_UNUSED_VARIABLE = YES;
				IPHONEOS_DEPLOYMENT_TARGET = 15.2;
				MTL_ENABLE_DEBUG_INFO = NO;
				MTL_FAST_MATH = YES;
				SDKROOT = iphoneos;
				SWIFT_COMPILATION_MODE = wholemodule;
				SWIFT_OPTIMIZATION_LEVEL = "-O";
				VALIDATE_PRODUCT = YES;
			};
			name = Release;
		};
		97FC8E2F280D7D4D00C6D8DA /* Debug */ = {
			isa = XCBuildConfiguration;
			buildSettings = {
				ASSETCATALOG_COMPILER_APPICON_NAME = AppIcon;
				ASSETCATALOG_COMPILER_GLOBAL_ACCENT_COLOR_NAME = AccentColor;
				CODE_SIGN_STYLE = Automatic;
				CURRENT_PROJECT_VERSION = 1;
				DEVELOPMENT_TEAM = FL7T8233P6;
				GENERATE_INFOPLIST_FILE = YES;
				INFOPLIST_FILE = VideoPIPDemo/Info.plist;
				INFOPLIST_KEY_UIApplicationSupportsIndirectInputEvents = YES;
				INFOPLIST_KEY_UILaunchStoryboardName = LaunchScreen;
				INFOPLIST_KEY_UIMainStoryboardFile = Main;
				INFOPLIST_KEY_UISupportedInterfaceOrientations = "UIInterfaceOrientationPortrait UIInterfaceOrientationLandscapeLeft UIInterfaceOrientationLandscapeRight";
				INFOPLIST_KEY_UISupportedInterfaceOrientations_iPad = "UIInterfaceOrientationPortrait UIInterfaceOrientationPortraitUpsideDown UIInterfaceOrientationLandscapeLeft UIInterfaceOrientationLandscapeRight";
				INFOPLIST_KEY_UISupportedInterfaceOrientations_iPhone = "UIInterfaceOrientationPortrait UIInterfaceOrientationLandscapeLeft UIInterfaceOrientationLandscapeRight";
				IPHONEOS_DEPLOYMENT_TARGET = 14.0;
				LD_RUNPATH_SEARCH_PATHS = (
					"$(inherited)",
					"@executable_path/Frameworks",
				);
				MARKETING_VERSION = 1.0;
				PRODUCT_BUNDLE_IDENTIFIER = com.demo.imagerecognitionamazon.VideoPIPDemo;
				PRODUCT_NAME = "$(TARGET_NAME)";
				SWIFT_EMIT_LOC_STRINGS = YES;
				SWIFT_VERSION = 5.0;
				TARGETED_DEVICE_FAMILY = "1,2";
			};
			name = Debug;
		};
		97FC8E30280D7D4D00C6D8DA /* Release */ = {
			isa = XCBuildConfiguration;
			buildSettings = {
				ASSETCATALOG_COMPILER_APPICON_NAME = AppIcon;
				ASSETCATALOG_COMPILER_GLOBAL_ACCENT_COLOR_NAME = AccentColor;
				CODE_SIGN_STYLE = Automatic;
				CURRENT_PROJECT_VERSION = 1;
				DEVELOPMENT_TEAM = FL7T8233P6;
				GENERATE_INFOPLIST_FILE = YES;
				INFOPLIST_FILE = VideoPIPDemo/Info.plist;
				INFOPLIST_KEY_UIApplicationSupportsIndirectInputEvents = YES;
				INFOPLIST_KEY_UILaunchStoryboardName = LaunchScreen;
				INFOPLIST_KEY_UIMainStoryboardFile = Main;
				INFOPLIST_KEY_UISupportedInterfaceOrientations = "UIInterfaceOrientationPortrait UIInterfaceOrientationLandscapeLeft UIInterfaceOrientationLandscapeRight";
				INFOPLIST_KEY_UISupportedInterfaceOrientations_iPad = "UIInterfaceOrientationPortrait UIInterfaceOrientationPortraitUpsideDown UIInterfaceOrientationLandscapeLeft UIInterfaceOrientationLandscapeRight";
				INFOPLIST_KEY_UISupportedInterfaceOrientations_iPhone = "UIInterfaceOrientationPortrait UIInterfaceOrientationLandscapeLeft UIInterfaceOrientationLandscapeRight";
				IPHONEOS_DEPLOYMENT_TARGET = 14.0;
				LD_RUNPATH_SEARCH_PATHS = (
					"$(inherited)",
					"@executable_path/Frameworks",
				);
				MARKETING_VERSION = 1.0;
				PRODUCT_BUNDLE_IDENTIFIER = com.demo.imagerecognitionamazon.VideoPIPDemo;
				PRODUCT_NAME = "$(TARGET_NAME)";
				SWIFT_EMIT_LOC_STRINGS = YES;
				SWIFT_VERSION = 5.0;
				TARGETED_DEVICE_FAMILY = "1,2";
			};
			name = Release;
		};
/* End XCBuildConfiguration section */

/* Begin XCConfigurationList section */
		97FC8E15280D7D4B00C6D8DA /* Build configuration list for PBXProject "VideoPIPDemo" */ = {
			isa = XCConfigurationList;
			buildConfigurations = (
				97FC8E2C280D7D4D00C6D8DA /* Debug */,
				97FC8E2D280D7D4D00C6D8DA /* Release */,
			);
			defaultConfigurationIsVisible = 0;
			defaultConfigurationName = Release;
		};
		97FC8E2E280D7D4D00C6D8DA /* Build configuration list for PBXNativeTarget "VideoPIPDemo" */ = {
			isa = XCConfigurationList;
			buildConfigurations = (
				97FC8E2F280D7D4D00C6D8DA /* Debug */,
				97FC8E30280D7D4D00C6D8DA /* Release */,
			);
			defaultConfigurationIsVisible = 0;
			defaultConfigurationName = Release;
		};
/* End XCConfigurationList section */
	};
	rootObject = 97FC8E12280D7D4B00C6D8DA /* Project object */;
}
